
Microsoft Visual Studio Solution File, Format Version 12.00
# Visual Studio Version 17
VisualStudioVersion = 17.14.36915.13 d17.14
MinimumVisualStudioVersion = 10.0.40219.1
Project("{FAE04EC0-301F-11D3-BF4B-00C04F79EFBC}") = "TaskerFullStack", "TaskerFullStack\TaskerFullStack.csproj", "{39CB34DA-C2B9-4DC6-A8DC-CCB1497A34CD}"
EndProject
Project("{FAE04EC0-301F-11D3-BF4B-00C04F79EFBC}") = "TaskerFullStack.Client", "TaskerFullStack.Client\TaskerFullStack.Client.csproj", "{C0B289FE-2644-4B17-951B-20740BEB5EF5}"
EndProject
Global
	GlobalSection(SolutionConfigurationPlatforms) = preSolution
		Debug|Any CPU = Debug|Any CPU
		Release|Any CPU = Release|Any CPU
	EndGlobalSection
	GlobalSection(ProjectConfigurationPlatforms) = postSolution
		{39CB34DA-C2B9-4DC6-A8DC-CCB1497A34CD}.Debug|Any CPU.ActiveCfg = Debug|Any CPU
		{39CB34DA-C2B9-4DC6-A8DC-CCB1497A34CD}.Debug|Any CPU.Build.0 = Debug|Any CPU
		{39CB34DA-C2B9-4DC6-A8DC-CCB1497A34CD}.Release|Any CPU.ActiveCfg = Release|Any CPU
		{39CB34DA-C2B9-4DC6-A8DC-CCB1497A34CD}.Release|Any CPU.Build.0 = Release|Any CPU
		{C0B289FE-2644-4B17-951B-20740BEB5EF5}.Debug|Any CPU.ActiveCfg = Debug|Any CPU
		{C0B289FE-2644-4B17-951B-20740BEB5EF5}.Debug|Any CPU.Build.0 = Debug|Any CPU
		{C0B289FE-2644-4B17-951B-20740BEB5EF5}.Release|Any CPU.ActiveCfg = Release|Any CPU
		{C0B289FE-2644-4B17-951B-20740BEB5EF5}.Release|Any CPU.Build.0 = Release|Any CPU
	EndGlobalSection
	GlobalSection(SolutionProperties) = preSolution
		HideSolutionNode = FALSE
	EndGlobalSection
	GlobalSection(ExtensibilityGlobals) = postSolution
		SolutionGuid = {70169D6F-4038-445F-A45A-5D22612B2A20}
	EndGlobalSection
EndGlobal
